{
  "nodes": {
    "nixpkgs": {
      "locked": {
        "lastModified": 1724251702,
        "narHash": "sha256-tsApUr0dqBQv2rtbFxFbVv2wYX+/M/dfaCvwAOxP5Cs=",
        "owner": "NixOS",
        "repo": "nixpkgs",
        "rev": "c0e8cb5d87ba69221c84a897f01182b62044a34e",
        "type": "github"
      },
      "original": {
        "owner": "NixOS",
        "repo": "nixpkgs",
        "type": "github"
      }
    },
    "root": {
      "inputs": {
        "nixpkgs": "nixpkgs"
      }
    }
  },
  "root": "root",
  "version": 7
}
