{
  "nodes": {
    "nixpkgs": {
      "locked": {
        "lastModified": 1779968536,
        "narHash": "sha256-xzyGVoCazS5C3WpivIaxlaPfffHfTYJ5lwmgGLVkDtY=",
        "owner": "NixOS",
        "repo": "nixpkgs",
        "rev": "d60865391188adc9152ec6f449db5ff53a21f536",
        "type": "github"
      },
      "original": {
        "owner": "NixOS",
        "repo": "nixpkgs",
        "type": "github"
      }
    },
    "root": {
      "inputs": {
        "nixpkgs": "nixpkgs"
      }
    }
  },
  "root": "root",
  "version": 7
}
