{
  "nodes": {
    "nixpkgs": {
      "locked": {
        "lastModified": 1724282355,
        "narHash": "sha256-Dd2quv2bDzwrNuMoFZh1WOU4d409vWe7HwhbJMk7rsA=",
        "owner": "NixOS",
        "repo": "nixpkgs",
        "rev": "e088f57f278e170fa7ff2a8c9a8689fe4987e612",
        "type": "github"
      },
      "original": {
        "owner": "NixOS",
        "ref": "release-24.05",
        "repo": "nixpkgs",
        "type": "github"
      }
    },
    "root": {
      "inputs": {
        "nixpkgs": "nixpkgs"
      }
    }
  },
  "root": "root",
  "version": 7
}
